
Microsoft Visual Studio Solution File, Format Version 12.00
# Visual Studio Version 16
VisualStudioVersion = 16.0.31605.320
MinimumVisualStudioVersion = 10.0.40219.1
Project("{9A19103F-16F7-4668-BE54-9A1E7A4F7556}") = "FonotradeInvoiceControl", "FonotradeInvoiceControl\FonotradeInvoiceControl.csproj", "{F82B2F3E-F457-4C43-A730-B635F001ADEF}"
EndProject
Project("{FAE04EC0-301F-11D3-BF4B-00C04F79EFBC}") = "FonotradeInvoiceControlTests", "FonotradeInvoiceControlTests\FonotradeInvoiceControlTests.csproj", "{75CBE08A-D389-43CC-A2B1-191C3DA3ABAD}"
EndProject
Global
	GlobalSection(SolutionConfigurationPlatforms) = preSolution
		Debug|Any CPU = Debug|Any CPU
		Release|Any CPU = Release|Any CPU
	EndGlobalSection
	GlobalSection(ProjectConfigurationPlatforms) = postSolution
		{F82B2F3E-F457-4C43-A730-B635F001ADEF}.Debug|Any CPU.ActiveCfg = Debug|Any CPU
		{F82B2F3E-F457-4C43-A730-B635F001ADEF}.Debug|Any CPU.Build.0 = Debug|Any CPU
		{F82B2F3E-F457-4C43-A730-B635F001ADEF}.Release|Any CPU.ActiveCfg = Release|Any CPU
		{F82B2F3E-F457-4C43-A730-B635F001ADEF}.Release|Any CPU.Build.0 = Release|Any CPU
		{75CBE08A-D389-43CC-A2B1-191C3DA3ABAD}.Debug|Any CPU.ActiveCfg = Debug|Any CPU
		{75CBE08A-D389-43CC-A2B1-191C3DA3ABAD}.Debug|Any CPU.Build.0 = Debug|Any CPU
		{75CBE08A-D389-43CC-A2B1-191C3DA3ABAD}.Release|Any CPU.ActiveCfg = Release|Any CPU
		{75CBE08A-D389-43CC-A2B1-191C3DA3ABAD}.Release|Any CPU.Build.0 = Release|Any CPU
	EndGlobalSection
	GlobalSection(SolutionProperties) = preSolution
		HideSolutionNode = FALSE
	EndGlobalSection
	GlobalSection(ExtensibilityGlobals) = postSolution
		SolutionGuid = {AB2B4246-361B-44F2-B636-31264DCF5EE1}
	EndGlobalSection
EndGlobal
